// !$*UTF8*$!
{
	archiveVersion = 1;
	classes = {
	};
	objectVersion = 46;
	objects = {

/* Begin PBXBuildFile section */
		0D05D0601E62D3BB0054BE7B /* UserNotifications.framework in Frameworks */ = {isa = PBXBuildFile; fileRef = 0D05D05F1E62D3BA0054BE7B /* UserNotifications.framework */; };
		0D05D0621E62D3C20054BE7B /* UserNotificationsUI.framework in Frameworks */ = {isa = PBXBuildFile; fileRef = 0D05D0611E62D3C20054BE7B /* UserNotificationsUI.framework */; };
		0D05D0641E62D3C80054BE7B /* PushKit.framework in Frameworks */ = {isa = PBXBuildFile; fileRef = 0D05D0631E62D3C80054BE7B /* PushKit.framework */; };
		0D0FEA761EA92B5D000BF070 /* AllText.strings in Resources */ = {isa = PBXBuildFile; fileRef = 0D0FEA751EA92B5D000BF070 /* AllText.strings */; };
		0D40F9F21E6AE14D00A8E3FC /* EventCell.swift in Sources */ = {isa = PBXBuildFile; fileRef = 0D40F9F11E6AE14D00A8E3FC /* EventCell.swift */; };
		0D40F9F41E6AE6BC00A8E3FC /* Events.swift in Sources */ = {isa = PBXBuildFile; fileRef = 0D40F9F31E6AE6BC00A8E3FC /* Events.swift */; };
		0D5813CF1E87B471001B62F9 /* Contacts.swift in Sources */ = {isa = PBXBuildFile; fileRef = 0D5813CE1E87B471001B62F9 /* Contacts.swift */; };
		0D5813D11E87B52F001B62F9 /* ContactCell.swift in Sources */ = {isa = PBXBuildFile; fileRef = 0D5813D01E87B52F001B62F9 /* ContactCell.swift */; };
		0D6D096B1E85AC45007A68BE /* EventEditVC.swift in Sources */ = {isa = PBXBuildFile; fileRef = 0D6D096A1E85AC45007A68BE /* EventEditVC.swift */; };
		0D6D096D1E85AE41007A68BE /* ContactListVC.swift in Sources */ = {isa = PBXBuildFile; fileRef = 0D6D096C1E85AE41007A68BE /* ContactListVC.swift */; };
		0D80E0261E8CC1A3002DE0AF /* RoundedButton.swift in Sources */ = {isa = PBXBuildFile; fileRef = 0D80E0251E8CC1A3002DE0AF /* RoundedButton.swift */; };
		0D94F3891E61BEC300F1DDC0 /* GoogleService-Info.plist in Resources */ = {isa = PBXBuildFile; fileRef = 0D94F3881E61BEC300F1DDC0 /* GoogleService-Info.plist */; };
		0D9B7BD81EB8C8F90089378E /* Serializer.swift in Sources */ = {isa = PBXBuildFile; fileRef = 0D9B7BD71EB8C8F90089378E /* Serializer.swift */; };
		0D9B7BDA1EB8CC630089378E /* AdSupport.framework in Frameworks */ = {isa = PBXBuildFile; fileRef = 0D9B7BD91EB8CC630089378E /* AdSupport.framework */; };
		0D9B7BDC1EB8D9360089378E /* DataSource.swift in Sources */ = {isa = PBXBuildFile; fileRef = 0D9B7BDB1EB8D9360089378E /* DataSource.swift */; };
		0DA623CE1E65835900CAD40E /* EventListVC.swift in Sources */ = {isa = PBXBuildFile; fileRef = 0DA623CD1E65835900CAD40E /* EventListVC.swift */; };
		0DA623D41E672DE700CAD40E /* ToDo.rtf in Resources */ = {isa = PBXBuildFile; fileRef = 0DA623D31E672DE700CAD40E /* ToDo.rtf */; };
		0DB52DD01E8F680D00E74D4F /* PhoneNumberViewController.swift in Sources */ = {isa = PBXBuildFile; fileRef = 0DB52DCE1E8F680D00E74D4F /* PhoneNumberViewController.swift */; };
		0DB52DD11E8F680D00E74D4F /* CountriesViewController.swift in Sources */ = {isa = PBXBuildFile; fileRef = 0DB52DCF1E8F680D00E74D4F /* CountriesViewController.swift */; };
		0DB52DD41E8F681900E74D4F /* Country.swift in Sources */ = {isa = PBXBuildFile; fileRef = 0DB52DD21E8F681900E74D4F /* Country.swift */; };
		0DB52DD51E8F681900E74D4F /* Countries.swift in Sources */ = {isa = PBXBuildFile; fileRef = 0DB52DD31E8F681900E74D4F /* Countries.swift */; };
		0DB52DDA1E8F682900E74D4F /* PNPHighlightButton.swift in Sources */ = {isa = PBXBuildFile; fileRef = 0DB52DD61E8F682900E74D4F /* PNPHighlightButton.swift */; };
		0DB52DDB1E8F682900E74D4F /* PNPMenuDisabledTextField.swift in Sources */ = {isa = PBXBuildFile; fileRef = 0DB52DD71E8F682900E74D4F /* PNPMenuDisabledTextField.swift */; };
		0DB52DDC1E8F682900E74D4F /* PNPSideBordered.swift in Sources */ = {isa = PBXBuildFile; fileRef = 0DB52DD81E8F682900E74D4F /* PNPSideBordered.swift */; };
		0DB52DDD1E8F682900E74D4F /* PhoneNumberPicker.storyboard in Resources */ = {isa = PBXBuildFile; fileRef = 0DB52DD91E8F682900E74D4F /* PhoneNumberPicker.storyboard */; };
		0DB52DE11E8F815000E74D4F /* RegisterVC.swift in Sources */ = {isa = PBXBuildFile; fileRef = 0DB52DE01E8F815000E74D4F /* RegisterVC.swift */; };
		0DB52DE41E90EAA400E74D4F /* CalendarUtil.swift in Sources */ = {isa = PBXBuildFile; fileRef = 0DB52DE31E90EAA400E74D4F /* CalendarUtil.swift */; };
		0DD90CA81E5DEFFB002B08ED /* AppDelegate.swift in Sources */ = {isa = PBXBuildFile; fileRef = 0DD90CA71E5DEFFB002B08ED /* AppDelegate.swift */; };
		0DD90CAA1E5DEFFB002B08ED /* MainVC.swift in Sources */ = {isa = PBXBuildFile; fileRef = 0DD90CA91E5DEFFB002B08ED /* MainVC.swift */; };
		0DD90CAD1E5DEFFB002B08ED /* Main.storyboard in Resources */ = {isa = PBXBuildFile; fileRef = 0DD90CAB1E5DEFFB002B08ED /* Main.storyboard */; };
		0DD90CAF1E5DEFFB002B08ED /* Assets.xcassets in Resources */ = {isa = PBXBuildFile; fileRef = 0DD90CAE1E5DEFFB002B08ED /* Assets.xcassets */; };
		0DD90CB21E5DEFFB002B08ED /* LaunchScreen.storyboard in Resources */ = {isa = PBXBuildFile; fileRef = 0DD90CB01E5DEFFB002B08ED /* LaunchScreen.storyboard */; };
		0DD90CD61E5DF0F1002B08ED /* cal1.jpg in Resources */ = {isa = PBXBuildFile; fileRef = 0DD90CD51E5DF0F1002B08ED /* cal1.jpg */; };
		5E30CC3E539C30606E57B624 /* Pods_InstaEvent_Share.framework in Frameworks */ = {isa = PBXBuildFile; fileRef = E11D4F8AAAF40C3F5998E46D /* Pods_InstaEvent_Share.framework */; };
/* End PBXBuildFile section */

/* Begin PBXFileReference section */
		0D05D05F1E62D3BA0054BE7B /* UserNotifications.framework */ = {isa = PBXFileReference; lastKnownFileType = wrapper.framework; name = UserNotifications.framework; path = System/Library/Frameworks/UserNotifications.framework; sourceTree = SDKROOT; };
		0D05D0611E62D3C20054BE7B /* UserNotificationsUI.framework */ = {isa = PBXFileReference; lastKnownFileType = wrapper.framework; name = UserNotificationsUI.framework; path = System/Library/Frameworks/UserNotificationsUI.framework; sourceTree = SDKROOT; };
		0D05D0631E62D3C80054BE7B /* PushKit.framework */ = {isa = PBXFileReference; lastKnownFileType = wrapper.framework; name = PushKit.framework; path = System/Library/Frameworks/PushKit.framework; sourceTree = SDKROOT; };
		0D0FEA751EA92B5D000BF070 /* AllText.strings */ = {isa = PBXFileReference; fileEncoding = 4; lastKnownFileType = text.plist.strings; path = AllText.strings; sourceTree = "<group>"; };
		0D32BEC01E61E0B7002A0DE9 /* instaevent.entitlements */ = {isa = PBXFileReference; lastKnownFileType = text.plist.entitlements; path = instaevent.entitlements; sourceTree = "<group>"; };
		0D40F9F11E6AE14D00A8E3FC /* EventCell.swift */ = {isa = PBXFileReference; fileEncoding = 4; lastKnownFileType = sourcecode.swift; path = EventCell.swift; sourceTree = "<group>"; };
		0D40F9F31E6AE6BC00A8E3FC /* Events.swift */ = {isa = PBXFileReference; fileEncoding = 4; lastKnownFileType = sourcecode.swift; path = Events.swift; sourceTree = "<group>"; };
		0D5813CE1E87B471001B62F9 /* Contacts.swift */ = {isa = PBXFileReference; fileEncoding = 4; lastKnownFileType = sourcecode.swift; path = Contacts.swift; sourceTree = "<group>"; };
		0D5813D01E87B52F001B62F9 /* ContactCell.swift */ = {isa = PBXFileReference; fileEncoding = 4; lastKnownFileType = sourcecode.swift; path = ContactCell.swift; sourceTree = "<group>"; };
		0D6D096A1E85AC45007A68BE /* EventEditVC.swift */ = {isa = PBXFileReference; fileEncoding = 4; lastKnownFileType = sourcecode.swift; path = EventEditVC.swift; sourceTree = "<group>"; };
		0D6D096C1E85AE41007A68BE /* ContactListVC.swift */ = {isa = PBXFileReference; fileEncoding = 4; lastKnownFileType = sourcecode.swift; path = ContactListVC.swift; sourceTree = "<group>"; };
		0D80E0251E8CC1A3002DE0AF /* RoundedButton.swift */ = {isa = PBXFileReference; fileEncoding = 4; lastKnownFileType = sourcecode.swift; path = RoundedButton.swift; sourceTree = "<group>"; };
		0D94F3881E61BEC300F1DDC0 /* GoogleService-Info.plist */ = {isa = PBXFileReference; fileEncoding = 4; lastKnownFileType = text.plist.xml; path = "GoogleService-Info.plist"; sourceTree = "<group>"; };
		0D9B7BD71EB8C8F90089378E /* Serializer.swift */ = {isa = PBXFileReference; fileEncoding = 4; lastKnownFileType = sourcecode.swift; path = Serializer.swift; sourceTree = "<group>"; };
		0D9B7BD91EB8CC630089378E /* AdSupport.framework */ = {isa = PBXFileReference; lastKnownFileType = wrapper.framework; name = AdSupport.framework; path = System/Library/Frameworks/AdSupport.framework; sourceTree = SDKROOT; };
		0D9B7BDB1EB8D9360089378E /* DataSource.swift */ = {isa = PBXFileReference; fileEncoding = 4; lastKnownFileType = sourcecode.swift; path = DataSource.swift; sourceTree = "<group>"; };
		0DA623CD1E65835900CAD40E /* EventListVC.swift */ = {isa = PBXFileReference; fileEncoding = 4; lastKnownFileType = sourcecode.swift; name = EventListVC.swift; path = ../EventListVC.swift; sourceTree = "<group>"; };
		0DA623D31E672DE700CAD40E /* ToDo.rtf */ = {isa = PBXFileReference; fileEncoding = 4; lastKnownFileType = text.rtf; path = ToDo.rtf; sourceTree = "<group>"; };
		0DB52DCE1E8F680D00E74D4F /* PhoneNumberViewController.swift */ = {isa = PBXFileReference; fileEncoding = 4; lastKnownFileType = sourcecode.swift; path = PhoneNumberViewController.swift; sourceTree = "<group>"; };
		0DB52DCF1E8F680D00E74D4F /* CountriesViewController.swift */ = {isa = PBXFileReference; fileEncoding = 4; lastKnownFileType = sourcecode.swift; path = CountriesViewController.swift; sourceTree = "<group>"; };
		0DB52DD21E8F681900E74D4F /* Country.swift */ = {isa = PBXFileReference; fileEncoding = 4; lastKnownFileType = sourcecode.swift; path = Country.swift; sourceTree = "<group>"; };
		0DB52DD31E8F681900E74D4F /* Countries.swift */ = {isa = PBXFileReference; fileEncoding = 4; lastKnownFileType = sourcecode.swift; path = Countries.swift; sourceTree = "<group>"; };
		0DB52DD61E8F682900E74D4F /* PNPHighlightButton.swift */ = {isa = PBXFileReference; fileEncoding = 4; lastKnownFileType = sourcecode.swift; path = PNPHighlightButton.swift; sourceTree = "<group>"; };
		0DB52DD71E8F682900E74D4F /* PNPMenuDisabledTextField.swift */ = {isa = PBXFileReference; fileEncoding = 4; lastKnownFileType = sourcecode.swift; path = PNPMenuDisabledTextField.swift; sourceTree = "<group>"; };
		0DB52DD81E8F682900E74D4F /* PNPSideBordered.swift */ = {isa = PBXFileReference; fileEncoding = 4; lastKnownFileType = sourcecode.swift; path = PNPSideBordered.swift; sourceTree = "<group>"; };
		0DB52DD91E8F682900E74D4F /* PhoneNumberPicker.storyboard */ = {isa = PBXFileReference; fileEncoding = 4; lastKnownFileType = file.storyboard; path = PhoneNumberPicker.storyboard; sourceTree = "<group>"; };
		0DB52DE01E8F815000E74D4F /* RegisterVC.swift */ = {isa = PBXFileReference; fileEncoding = 4; lastKnownFileType = sourcecode.swift; path = RegisterVC.swift; sourceTree = "<group>"; };
		0DB52DE31E90EAA400E74D4F /* CalendarUtil.swift */ = {isa = PBXFileReference; fileEncoding = 4; lastKnownFileType = sourcecode.swift; path = CalendarUtil.swift; sourceTree = "<group>"; };
		0DD90CA41E5DEFFB002B08ED /* InstaEvent Share.app */ = {isa = PBXFileReference; explicitFileType = wrapper.application; includeInIndex = 0; path = "InstaEvent Share.app"; sourceTree = BUILT_PRODUCTS_DIR; };
		0DD90CA71E5DEFFB002B08ED /* AppDelegate.swift */ = {isa = PBXFileReference; lastKnownFileType = sourcecode.swift; path = AppDelegate.swift; sourceTree = "<group>"; };
		0DD90CA91E5DEFFB002B08ED /* MainVC.swift */ = {isa = PBXFileReference; lastKnownFileType = sourcecode.swift; path = MainVC.swift; sourceTree = "<group>"; };
		0DD90CAC1E5DEFFB002B08ED /* Base */ = {isa = PBXFileReference; lastKnownFileType = file.storyboard; name = Base; path = Base.lproj/Main.storyboard; sourceTree = "<group>"; };
		0DD90CAE1E5DEFFB002B08ED /* Assets.xcassets */ = {isa = PBXFileReference; lastKnownFileType = folder.assetcatalog; path = Assets.xcassets; sourceTree = "<group>"; };
		0DD90CB11E5DEFFB002B08ED /* Base */ = {isa = PBXFileReference; lastKnownFileType = file.storyboard; name = Base; path = Base.lproj/LaunchScreen.storyboard; sourceTree = "<group>"; };
		0DD90CB31E5DEFFB002B08ED /* Info.plist */ = {isa = PBXFileReference; lastKnownFileType = text.plist.xml; path = Info.plist; sourceTree = "<group>"; };
		0DD90CD51E5DF0F1002B08ED /* cal1.jpg */ = {isa = PBXFileReference; lastKnownFileType = image.jpeg; path = cal1.jpg; sourceTree = "<group>"; };
		52A62B0A308B651AB488F1DE /* Pods-InstaEvent Share.debug.xcconfig */ = {isa = PBXFileReference; includeInIndex = 1; lastKnownFileType = text.xcconfig; name = "Pods-InstaEvent Share.debug.xcconfig"; path = "Pods/Target Support Files/Pods-InstaEvent Share/Pods-InstaEvent Share.debug.xcconfig"; sourceTree = "<group>"; };
		5E549B48DAD2D865A41379F5 /* Pods-InstaEvent Share.release.xcconfig */ = {isa = PBXFileReference; includeInIndex = 1; lastKnownFileType = text.xcconfig; name = "Pods-InstaEvent Share.release.xcconfig"; path = "Pods/Target Support Files/Pods-InstaEvent Share/Pods-InstaEvent Share.release.xcconfig"; sourceTree = "<group>"; };
		E11D4F8AAAF40C3F5998E46D /* Pods_InstaEvent_Share.framework */ = {isa = PBXFileReference; explicitFileType = wrapper.framework; includeInIndex = 0; path = Pods_InstaEvent_Share.framework; sourceTree = BUILT_PRODUCTS_DIR; };
/* End PBXFileReference section */

/* Begin PBXFrameworksBuildPhase section */
		0DD90CA11E5DEFFB002B08ED /* Frameworks */ = {
			isa = PBXFrameworksBuildPhase;
			buildActionMask = 2147483647;
			files = (
				0D9B7BDA1EB8CC630089378E /* AdSupport.framework in Frameworks */,
				0D05D0641E62D3C80054BE7B /* PushKit.framework in Frameworks */,
				0D05D0621E62D3C20054BE7B /* UserNotificationsUI.framework in Frameworks */,
				0D05D0601E62D3BB0054BE7B /* UserNotifications.framework in Frameworks */,
				5E30CC3E539C30606E57B624 /* Pods_InstaEvent_Share.framework in Frameworks */,
			);
			runOnlyForDeploymentPostprocessing = 0;
		};
/* End PBXFrameworksBuildPhase section */

/* Begin PBXGroup section */
		0D9798751E6B2E42002133C6 /* Model */ = {
			isa = PBXGroup;
			children = (
				0D40F9F31E6AE6BC00A8E3FC /* Events.swift */,
				0D5813CE1E87B471001B62F9 /* Contacts.swift */,
				0DB52DD21E8F681900E74D4F /* Country.swift */,
				0DB52DD31E8F681900E74D4F /* Countries.swift */,
				0D9B7BDB1EB8D9360089378E /* DataSource.swift */,
			);
			name = Model;
			sourceTree = "<group>";
		};
		0D9798761E6B2E49002133C6 /* View */ = {
			isa = PBXGroup;
			children = (
				0D40F9F11E6AE14D00A8E3FC /* EventCell.swift */,
				0D80E0251E8CC1A3002DE0AF /* RoundedButton.swift */,
				0DB52DD61E8F682900E74D4F /* PNPHighlightButton.swift */,
				0DB52DD71E8F682900E74D4F /* PNPMenuDisabledTextField.swift */,
				0DB52DD81E8F682900E74D4F /* PNPSideBordered.swift */,
				0DB52DD91E8F682900E74D4F /* PhoneNumberPicker.storyboard */,
				0D5813D01E87B52F001B62F9 /* ContactCell.swift */,
			);
			name = View;
			sourceTree = "<group>";
		};
		0D9798771E6B2E6C002133C6 /* Controller */ = {
			isa = PBXGroup;
			children = (
				0DB52DE01E8F815000E74D4F /* RegisterVC.swift */,
				0DB52DCE1E8F680D00E74D4F /* PhoneNumberViewController.swift */,
				0DB52DCF1E8F680D00E74D4F /* CountriesViewController.swift */,
				0DA623CD1E65835900CAD40E /* EventListVC.swift */,
				0DD90CA91E5DEFFB002B08ED /* MainVC.swift */,
				0D6D096A1E85AC45007A68BE /* EventEditVC.swift */,
				0D6D096C1E85AE41007A68BE /* ContactListVC.swift */,
				0D9B7BD71EB8C8F90089378E /* Serializer.swift */,
			);
			name = Controller;
			sourceTree = "<group>";
		};
		0D9798781E6B2E7D002133C6 /* plist */ = {
			isa = PBXGroup;
			children = (
				0D94F3881E61BEC300F1DDC0 /* GoogleService-Info.plist */,
				0DD90CB31E5DEFFB002B08ED /* Info.plist */,
			);
			name = plist;
			sourceTree = "<group>";
		};
		0D9798791E6B2F0A002133C6 /* todo */ = {
			isa = PBXGroup;
			children = (
				0DA623D31E672DE700CAD40E /* ToDo.rtf */,
			);
			name = todo;
			sourceTree = "<group>";
		};
		0DB52DE21E90EA8C00E74D4F /* Utility */ = {
			isa = PBXGroup;
			children = (
				0DB52DE31E90EAA400E74D4F /* CalendarUtil.swift */,
			);
			name = Utility;
			sourceTree = "<group>";
		};
		0DD90C9B1E5DEFFB002B08ED = {
			isa = PBXGroup;
			children = (
				0DD90CA61E5DEFFB002B08ED /* instaevent */,
				0DD90CA51E5DEFFB002B08ED /* Products */,
				ABEA90BA88E54E76586F19E7 /* Frameworks */,
				687021E21672221E007A93B8 /* Pods */,
			);
			sourceTree = "<group>";
		};
		0DD90CA51E5DEFFB002B08ED /* Products */ = {
			isa = PBXGroup;
			children = (
				0DD90CA41E5DEFFB002B08ED /* InstaEvent Share.app */,
			);
			name = Products;
			sourceTree = "<group>";
		};
		0DD90CA61E5DEFFB002B08ED /* instaevent */ = {
			isa = PBXGroup;
			children = (
				0D9798791E6B2F0A002133C6 /* todo */,
				0D9798781E6B2E7D002133C6 /* plist */,
				0DB52DE21E90EA8C00E74D4F /* Utility */,
				0D9798771E6B2E6C002133C6 /* Controller */,
				0D9798761E6B2E49002133C6 /* View */,
				0D9798751E6B2E42002133C6 /* Model */,
				0D32BEC01E61E0B7002A0DE9 /* instaevent.entitlements */,
				0DD90CD51E5DF0F1002B08ED /* cal1.jpg */,
				0DD90CA71E5DEFFB002B08ED /* AppDelegate.swift */,
				0DD90CAB1E5DEFFB002B08ED /* Main.storyboard */,
				0D0FEA751EA92B5D000BF070 /* AllText.strings */,
				0DD90CAE1E5DEFFB002B08ED /* Assets.xcassets */,
				0DD90CB01E5DEFFB002B08ED /* LaunchScreen.storyboard */,
			);
			path = instaevent;
			sourceTree = "<group>";
		};
		687021E21672221E007A93B8 /* Pods */ = {
			isa = PBXGroup;
			children = (
				52A62B0A308B651AB488F1DE /* Pods-InstaEvent Share.debug.xcconfig */,
				5E549B48DAD2D865A41379F5 /* Pods-InstaEvent Share.release.xcconfig */,
			);
			name = Pods;
			sourceTree = "<group>";
		};
		ABEA90BA88E54E76586F19E7 /* Frameworks */ = {
			isa = PBXGroup;
			children = (
				0D9B7BD91EB8CC630089378E /* AdSupport.framework */,
				0D05D0631E62D3C80054BE7B /* PushKit.framework */,
				0D05D0611E62D3C20054BE7B /* UserNotificationsUI.framework */,
				0D05D05F1E62D3BA0054BE7B /* UserNotifications.framework */,
				E11D4F8AAAF40C3F5998E46D /* Pods_InstaEvent_Share.framework */,
			);
			name = Frameworks;
			sourceTree = "<group>";
		};
/* End PBXGroup section */

/* Begin PBXNativeTarget section */
		0DD90CA31E5DEFFB002B08ED /* InstaEvent Share */ = {
			isa = PBXNativeTarget;
			buildConfigurationList = 0DD90CCC1E5DEFFB002B08ED /* Build configuration list for PBXNativeTarget "InstaEvent Share" */;
			buildPhases = (
				E5FF1172FF67ED9297D17860 /* [CP] Check Pods Manifest.lock */,
				0DD90CA01E5DEFFB002B08ED /* Sources */,
				0DD90CA11E5DEFFB002B08ED /* Frameworks */,
				0DD90CA21E5DEFFB002B08ED /* Resources */,
				0D7FEE231E9D586000AE6BB6 /* ShellScript */,
				9F5328AF44203414EBDE3410 /* [CP] Embed Pods Frameworks */,
				418E693A89853576785547AC /* [CP] Copy Pods Resources */,
			);
			buildRules = (
			);
			dependencies = (
			);
			name = "InstaEvent Share";
			productName = instaevent;
			productReference = 0DD90CA41E5DEFFB002B08ED /* InstaEvent Share.app */;
			productType = "com.apple.product-type.application";
		};
/* End PBXNativeTarget section */

/* Begin PBXProject section */
		0DD90C9C1E5DEFFB002B08ED /* Project object */ = {
			isa = PBXProject;
			attributes = {
				LastSwiftUpdateCheck = 0820;
				LastUpgradeCheck = 0820;
				ORGANIZATIONNAME = "Victor Macavero";
				TargetAttributes = {
					0DD90CA31E5DEFFB002B08ED = {
						CreatedOnToolsVersion = 8.2.1;
						DevelopmentTeam = RWLF632856;
						ProvisioningStyle = Automatic;
						SystemCapabilities = {
							com.apple.BackgroundModes = {
								enabled = 1;
							};
							com.apple.Push = {
								enabled = 1;
							};
						};
					};
				};
			};
			buildConfigurationList = 0DD90C9F1E5DEFFB002B08ED /* Build configuration list for PBXProject "InstaEvent Share" */;
			compatibilityVersion = "Xcode 3.2";
			developmentRegion = English;
			hasScannedForEncodings = 0;
			knownRegions = (
				en,
				Base,
			);
			mainGroup = 0DD90C9B1E5DEFFB002B08ED;
			productRefGroup = 0DD90CA51E5DEFFB002B08ED /* Products */;
			projectDirPath = "";
			projectRoot = "";
			targets = (
				0DD90CA31E5DEFFB002B08ED /* InstaEvent Share */,
			);
		};
/* End PBXProject section */

/* Begin PBXResourcesBuildPhase section */
		0DD90CA21E5DEFFB002B08ED /* Resources */ = {
			isa = PBXResourcesBuildPhase;
			buildActionMask = 2147483647;
			files = (
				0DD90CB21E5DEFFB002B08ED /* LaunchScreen.storyboard in Resources */,
				0DD90CAF1E5DEFFB002B08ED /* Assets.xcassets in Resources */,
				0DA623D41E672DE700CAD40E /* ToDo.rtf in Resources */,
				0D94F3891E61BEC300F1DDC0 /* GoogleService-Info.plist in Resources */,
				0DD90CD61E5DF0F1002B08ED /* cal1.jpg in Resources */,
				0D0FEA761EA92B5D000BF070 /* AllText.strings in Resources */,
				0DD90CAD1E5DEFFB002B08ED /* Main.storyboard in Resources */,
				0DB52DDD1E8F682900E74D4F /* PhoneNumberPicker.storyboard in Resources */,
			);
			runOnlyForDeploymentPostprocessing = 0;
		};
/* End PBXResourcesBuildPhase section */

/* Begin PBXShellScriptBuildPhase section */
		0D7FEE231E9D586000AE6BB6 /* ShellScript */ = {
			isa = PBXShellScriptBuildPhase;
			buildActionMask = 2147483647;
			files = (
			);
			inputPaths = (
			);
			outputPaths = (
			);
			runOnlyForDeploymentPostprocessing = 0;
			shellPath = /bin/sh;
			shellScript = swiftlint;
		};
		418E693A89853576785547AC /* [CP] Copy Pods Resources */ = {
			isa = PBXShellScriptBuildPhase;
			buildActionMask = 2147483647;
			files = (
			);
			inputPaths = (
			);
			name = "[CP] Copy Pods Resources";
			outputPaths = (
			);
			runOnlyForDeploymentPostprocessing = 0;
			shellPath = /bin/sh;
			shellScript = "\"${SRCROOT}/Pods/Target Support Files/Pods-InstaEvent Share/Pods-InstaEvent Share-resources.sh\"\n";
			showEnvVarsInLog = 0;
		};
		9F5328AF44203414EBDE3410 /* [CP] Embed Pods Frameworks */ = {
			isa = PBXShellScriptBuildPhase;
			buildActionMask = 2147483647;
			files = (
			);
			inputPaths = (
			);
			name = "[CP] Embed Pods Frameworks";
			outputPaths = (
			);
			runOnlyForDeploymentPostprocessing = 0;
			shellPath = /bin/sh;
			shellScript = "\"${SRCROOT}/Pods/Target Support Files/Pods-InstaEvent Share/Pods-InstaEvent Share-frameworks.sh\"\n";
			showEnvVarsInLog = 0;
		};
		E5FF1172FF67ED9297D17860 /* [CP] Check Pods Manifest.lock */ = {
			isa = PBXShellScriptBuildPhase;
			buildActionMask = 2147483647;
			files = (
			);
			inputPaths = (
			);
			name = "[CP] Check Pods Manifest.lock";
			outputPaths = (
			);
			runOnlyForDeploymentPostprocessing = 0;
			shellPath = /bin/sh;
			shellScript = "diff \"${PODS_ROOT}/../Podfile.lock\" \"${PODS_ROOT}/Manifest.lock\" > /dev/null\nif [ $? != 0 ] ; then\n    # print error to STDERR\n    echo \"error: The sandbox is not in sync with the Podfile.lock. Run 'pod install' or update your CocoaPods installation.\" >&2\n    exit 1\nfi\n";
			showEnvVarsInLog = 0;
		};
/* End PBXShellScriptBuildPhase section */

/* Begin PBXSourcesBuildPhase section */
		0DD90CA01E5DEFFB002B08ED /* Sources */ = {
			isa = PBXSourcesBuildPhase;
			buildActionMask = 2147483647;
			files = (
				0D9B7BDC1EB8D9360089378E /* DataSource.swift in Sources */,
				0DB52DD41E8F681900E74D4F /* Country.swift in Sources */,
				0D5813D11E87B52F001B62F9 /* ContactCell.swift in Sources */,
				0DD90CAA1E5DEFFB002B08ED /* MainVC.swift in Sources */,
				0DB52DDB1E8F682900E74D4F /* PNPMenuDisabledTextField.swift in Sources */,
				0DB52DE41E90EAA400E74D4F /* CalendarUtil.swift in Sources */,
				0D6D096B1E85AC45007A68BE /* EventEditVC.swift in Sources */,
				0DB52DDA1E8F682900E74D4F /* PNPHighlightButton.swift in Sources */,
				0DB52DD11E8F680D00E74D4F /* CountriesViewController.swift in Sources */,
				0D5813CF1E87B471001B62F9 /* Contacts.swift in Sources */,
				0D9B7BD81EB8C8F90089378E /* Serializer.swift in Sources */,
				0D40F9F21E6AE14D00A8E3FC /* EventCell.swift in Sources */,
				0DB52DE11E8F815000E74D4F /* RegisterVC.swift in Sources */,
				0D80E0261E8CC1A3002DE0AF /* RoundedButton.swift in Sources */,
				0DA623CE1E65835900CAD40E /* EventListVC.swift in Sources */,
				0DB52DD01E8F680D00E74D4F /* PhoneNumberViewController.swift in Sources */,
				0D40F9F41E6AE6BC00A8E3FC /* Events.swift in Sources */,
				0DD90CA81E5DEFFB002B08ED /* AppDelegate.swift in Sources */,
				0DB52DD51E8F681900E74D4F /* Countries.swift in Sources */,
				0DB52DDC1E8F682900E74D4F /* PNPSideBordered.swift in Sources */,
				0D6D096D1E85AE41007A68BE /* ContactListVC.swift in Sources */,
			);
			runOnlyForDeploymentPostprocessing = 0;
		};
/* End PBXSourcesBuildPhase section */

/* Begin PBXVariantGroup section */
		0DD90CAB1E5DEFFB002B08ED /* Main.storyboard */ = {
			isa = PBXVariantGroup;
			children = (
				0DD90CAC1E5DEFFB002B08ED /* Base */,
			);
			name = Main.storyboard;
			sourceTree = "<group>";
		};
		0DD90CB01E5DEFFB002B08ED /* LaunchScreen.storyboard */ = {
			isa = PBXVariantGroup;
			children = (
				0DD90CB11E5DEFFB002B08ED /* Base */,
			);
			name = LaunchScreen.storyboard;
			sourceTree = "<group>";
		};
/* End PBXVariantGroup section */

/* Begin XCBuildConfiguration section */
		0DD90CCA1E5DEFFB002B08ED /* Debug */ = {
			isa = XCBuildConfiguration;
			buildSettings = {
				ALWAYS_SEARCH_USER_PATHS = NO;
				CLANG_ANALYZER_NONNULL = YES;
				CLANG_CXX_LANGUAGE_STANDARD = "gnu++0x";
				CLANG_CXX_LIBRARY = "libc++";
				CLANG_ENABLE_MODULES = YES;
				CLANG_ENABLE_OBJC_ARC = YES;
				CLANG_WARN_BOOL_CONVERSION = YES;
				CLANG_WARN_CONSTANT_CONVERSION = YES;
				CLANG_WARN_DIRECT_OBJC_ISA_USAGE = YES_ERROR;
				CLANG_WARN_DOCUMENTATION_COMMENTS = YES;
				CLANG_WARN_EMPTY_BODY = YES;
				CLANG_WARN_ENUM_CONVERSION = YES;
				CLANG_WARN_INFINITE_RECURSION = YES;
				CLANG_WARN_INT_CONVERSION = YES;
				CLANG_WARN_OBJC_ROOT_CLASS = YES_ERROR;
				CLANG_WARN_SUSPICIOUS_MOVE = YES;
				CLANG_WARN_UNREACHABLE_CODE = YES;
				CLANG_WARN__DUPLICATE_METHOD_MATCH = YES;
				CODE_SIGN_IDENTITY = "iPhone Developer";
				"CODE_SIGN_IDENTITY[sdk=iphoneos*]" = "iPhone Developer";
				COPY_PHASE_STRIP = NO;
				DEBUG_INFORMATION_FORMAT = dwarf;
				ENABLE_STRICT_OBJC_MSGSEND = YES;
				ENABLE_TESTABILITY = YES;
				GCC_C_LANGUAGE_STANDARD = gnu99;
				GCC_DYNAMIC_NO_PIC = NO;
				GCC_NO_COMMON_BLOCKS = YES;
				GCC_OPTIMIZATION_LEVEL = 0;
				GCC_PREPROCESSOR_DEFINITIONS = (
					"DEBUG=1",
					"$(inherited)",
				);
				GCC_WARN_64_TO_32_BIT_CONVERSION = YES;
				GCC_WARN_ABOUT_RETURN_TYPE = YES_ERROR;
				GCC_WARN_UNDECLARED_SELECTOR = YES;
				GCC_WARN_UNINITIALIZED_AUTOS = YES_AGGRESSIVE;
				GCC_WARN_UNUSED_FUNCTION = YES;
				GCC_WARN_UNUSED_VARIABLE = YES;
				IPHONEOS_DEPLOYMENT_TARGET = 10.0;
				MTL_ENABLE_DEBUG_INFO = YES;
				ONLY_ACTIVE_ARCH = YES;
				SDKROOT = iphoneos;
				SWIFT_ACTIVE_COMPILATION_CONDITIONS = DEBUG;
				SWIFT_OPTIMIZATION_LEVEL = "-Onone";
				TARGETED_DEVICE_FAMILY = "1,2";
			};
			name = Debug;
		};
		0DD90CCB1E5DEFFB002B08ED /* Release */ = {
			isa = XCBuildConfiguration;
			buildSettings = {
				ALWAYS_SEARCH_USER_PATHS = NO;
				CLANG_ANALYZER_NONNULL = YES;
				CLANG_CXX_LANGUAGE_STANDARD = "gnu++0x";
				CLANG_CXX_LIBRARY = "libc++";
				CLANG_ENABLE_MODULES = YES;
				CLANG_ENABLE_OBJC_ARC = YES;
				CLANG_WARN_BOOL_CONVERSION = YES;
				CLANG_WARN_CONSTANT_CONVERSION = YES;
				CLANG_WARN_DIRECT_OBJC_ISA_USAGE = YES_ERROR;
				CLANG_WARN_DOCUMENTATION_COMMENTS = YES;
				CLANG_WARN_EMPTY_BODY = YES;
				CLANG_WARN_ENUM_CONVERSION = YES;
				CLANG_WARN_INFINITE_RECURSION = YES;
				CLANG_WARN_INT_CONVERSION = YES;
				CLANG_WARN_OBJC_ROOT_CLASS = YES_ERROR;
				CLANG_WARN_SUSPICIOUS_MOVE = YES;
				CLANG_WARN_UNREACHABLE_CODE = YES;
				CLANG_WARN__DUPLICATE_METHOD_MATCH = YES;
				CODE_SIGN_IDENTITY = "iPhone Developer";
				"CODE_SIGN_IDENTITY[sdk=iphoneos*]" = "iPhone Developer";
				COPY_PHASE_STRIP = NO;
				DEBUG_INFORMATION_FORMAT = "dwarf-with-dsym";
				ENABLE_NS_ASSERTIONS = NO;
				ENABLE_STRICT_OBJC_MSGSEND = YES;
				GCC_C_LANGUAGE_STANDARD = gnu99;
				GCC_NO_COMMON_BLOCKS = YES;
				GCC_WARN_64_TO_32_BIT_CONVERSION = YES;
				GCC_WARN_ABOUT_RETURN_TYPE = YES_ERROR;
				GCC_WARN_UNDECLARED_SELECTOR = YES;
				GCC_WARN_UNINITIALIZED_AUTOS = YES_AGGRESSIVE;
				GCC_WARN_UNUSED_FUNCTION = YES;
				GCC_WARN_UNUSED_VARIABLE = YES;
				IPHONEOS_DEPLOYMENT_TARGET = 10.0;
				MTL_ENABLE_DEBUG_INFO = NO;
				SDKROOT = iphoneos;
				SWIFT_OPTIMIZATION_LEVEL = "-Owholemodule";
				TARGETED_DEVICE_FAMILY = "1,2";
				VALIDATE_PRODUCT = YES;
			};
			name = Release;
		};
		0DD90CCD1E5DEFFB002B08ED /* Debug */ = {
			isa = XCBuildConfiguration;
			baseConfigurationReference = 52A62B0A308B651AB488F1DE /* Pods-InstaEvent Share.debug.xcconfig */;
			buildSettings = {
				ASSETCATALOG_COMPILER_APPICON_NAME = AppIcon;
				CODE_SIGN_ENTITLEMENTS = instaevent/instaevent.entitlements;
				CODE_SIGN_IDENTITY = "iPhone Developer";
				"CODE_SIGN_IDENTITY[sdk=iphoneos*]" = "iPhone Developer";
				DEVELOPMENT_TEAM = RWLF632856;
				INFOPLIST_FILE = instaevent/Info.plist;
				IPHONEOS_DEPLOYMENT_TARGET = 10;
				LD_RUNPATH_SEARCH_PATHS = "$(inherited) @executable_path/Frameworks";
				PRODUCT_BUNDLE_IDENTIFIER = com.themac.instaeventshare;
				PRODUCT_NAME = "$(TARGET_NAME)";
				SWIFT_VERSION = 3.0;
			};
			name = Debug;
		};
		0DD90CCE1E5DEFFB002B08ED /* Release */ = {
			isa = XCBuildConfiguration;
			baseConfigurationReference = 5E549B48DAD2D865A41379F5 /* Pods-InstaEvent Share.release.xcconfig */;
			buildSettings = {
				ASSETCATALOG_COMPILER_APPICON_NAME = AppIcon;
				CODE_SIGN_ENTITLEMENTS = instaevent/instaevent.entitlements;
				CODE_SIGN_IDENTITY = "iPhone Developer";
				"CODE_SIGN_IDENTITY[sdk=iphoneos*]" = "iPhone Developer";
				DEVELOPMENT_TEAM = RWLF632856;
				INFOPLIST_FILE = instaevent/Info.plist;
				IPHONEOS_DEPLOYMENT_TARGET = 10;
				LD_RUNPATH_SEARCH_PATHS = "$(inherited) @executable_path/Frameworks";
				PRODUCT_BUNDLE_IDENTIFIER = com.themac.instaeventshare;
				PRODUCT_NAME = "$(TARGET_NAME)";
				SWIFT_VERSION = 3.0;
			};
			name = Release;
		};
/* End XCBuildConfiguration section */

/* Begin XCConfigurationList section */
		0DD90C9F1E5DEFFB002B08ED /* Build configuration list for PBXProject "InstaEvent Share" */ = {
			isa = XCConfigurationList;
			buildConfigurations = (
				0DD90CCA1E5DEFFB002B08ED /* Debug */,
				0DD90CCB1E5DEFFB002B08ED /* Release */,
			);
			defaultConfigurationIsVisible = 0;
			defaultConfigurationName = Release;
		};
		0DD90CCC1E5DEFFB002B08ED /* Build configuration list for PBXNativeTarget "InstaEvent Share" */ = {
			isa = XCConfigurationList;
			buildConfigurations = (
				0DD90CCD1E5DEFFB002B08ED /* Debug */,
				0DD90CCE1E5DEFFB002B08ED /* Release */,
			);
			defaultConfigurationIsVisible = 0;
			defaultConfigurationName = Release;
		};
/* End XCConfigurationList section */
	};
	rootObject = 0DD90C9C1E5DEFFB002B08ED /* Project object */;
}
